// !$*UTF8*$!
{
	archiveVersion = 1;
	classes = {
	};
	objectVersion = 51;
	objects = {

/* Begin PBXBuildFile section */
		8160F3A96E6D6466A58A4559 /* Pods_ConnectionsTaskTests.framework in Frameworks */ = {isa = PBXBuildFile; fileRef = 2FB775ECDFE7215890084D5A /* Pods_ConnectionsTaskTests.framework */; };
		A8E40B85ACE87575BB4232A7 /* Pods_ConnectionsTask.framework in Frameworks */ = {isa = PBXBuildFile; fileRef = 899E40927EBBC15789BD2B75 /* Pods_ConnectionsTask.framework */; };
		CBD2AD3A25E0CA0200D81823 /* AppDelegate.swift in Sources */ = {isa = PBXBuildFile; fileRef = CBD2AD3925E0CA0200D81823 /* AppDelegate.swift */; };
		CBD2AD3C25E0CA0200D81823 /* SceneDelegate.swift in Sources */ = {isa = PBXBuildFile; fileRef = CBD2AD3B25E0CA0200D81823 /* SceneDelegate.swift */; };
		CBD2AD3E25E0CA0200D81823 /* ViewController.swift in Sources */ = {isa = PBXBuildFile; fileRef = CBD2AD3D25E0CA0200D81823 /* ViewController.swift */; };
		CBD2AD4125E0CA0200D81823 /* Main.storyboard in Resources */ = {isa = PBXBuildFile; fileRef = CBD2AD3F25E0CA0200D81823 /* Main.storyboard */; };
		CBD2AD4425E0CA0200D81823 /* ConnectionsTask.xcdatamodeld in Sources */ = {isa = PBXBuildFile; fileRef = CBD2AD4225E0CA0200D81823 /* ConnectionsTask.xcdatamodeld */; };
		CBD2AD4625E0CA0400D81823 /* Assets.xcassets in Resources */ = {isa = PBXBuildFile; fileRef = CBD2AD4525E0CA0400D81823 /* Assets.xcassets */; };
		CBD2AD4925E0CA0400D81823 /* LaunchScreen.storyboard in Resources */ = {isa = PBXBuildFile; fileRef = CBD2AD4725E0CA0400D81823 /* LaunchScreen.storyboard */; };
		CBD2AD5425E0CA0400D81823 /* ConnectionsTaskTests.swift in Sources */ = {isa = PBXBuildFile; fileRef = CBD2AD5325E0CA0400D81823 /* ConnectionsTaskTests.swift */; };
		CBD2AD5F25E0E7C200D81823 /* NextViewController.swift in Sources */ = {isa = PBXBuildFile; fileRef = CBD2AD5E25E0E7C200D81823 /* NextViewController.swift */; };
		CBD2AD6125E10C6F00D81823 /* PostsViewController.swift in Sources */ = {isa = PBXBuildFile; fileRef = CBD2AD6025E10C6F00D81823 /* PostsViewController.swift */; };
		CBD2AD6325E10C8B00D81823 /* FavoritesViewController.swift in Sources */ = {isa = PBXBuildFile; fileRef = CBD2AD6225E10C8B00D81823 /* FavoritesViewController.swift */; };
		CBD2AD6525E10E1D00D81823 /* PostsModel.swift in Sources */ = {isa = PBXBuildFile; fileRef = CBD2AD6425E10E1D00D81823 /* PostsModel.swift */; };
		CBD2AD6725E1140400D81823 /* CustomeTableViewCell.swift in Sources */ = {isa = PBXBuildFile; fileRef = CBD2AD6625E1140400D81823 /* CustomeTableViewCell.swift */; };
		CBD2AD6925E23C2C00D81823 /* FavoriteTableViewCell.swift in Sources */ = {isa = PBXBuildFile; fileRef = CBD2AD6825E23C2C00D81823 /* FavoriteTableViewCell.swift */; };
/* End PBXBuildFile section */

/* Begin PBXContainerItemProxy section */
		CBD2AD5025E0CA0400D81823 /* PBXContainerItemProxy */ = {
			isa = PBXContainerItemProxy;
			containerPortal = CBD2AD2E25E0CA0200D81823 /* Project object */;
			proxyType = 1;
			remoteGlobalIDString = CBD2AD3525E0CA0200D81823;
			remoteInfo = ConnectionsTask;
		};
/* End PBXContainerItemProxy section */

/* Begin PBXFileReference section */
		2FB775ECDFE7215890084D5A /* Pods_ConnectionsTaskTests.framework */ = {isa = PBXFileReference; explicitFileType = wrapper.framework; includeInIndex = 0; path = Pods_ConnectionsTaskTests.framework; sourceTree = BUILT_PRODUCTS_DIR; };
		899E40927EBBC15789BD2B75 /* Pods_ConnectionsTask.framework */ = {isa = PBXFileReference; explicitFileType = wrapper.framework; includeInIndex = 0; path = Pods_ConnectionsTask.framework; sourceTree = BUILT_PRODUCTS_DIR; };
		A64E085937C8F9AEB1A30D88 /* Pods-ConnectionsTask.release.xcconfig */ = {isa = PBXFileReference; includeInIndex = 1; lastKnownFileType = text.xcconfig; name = "Pods-ConnectionsTask.release.xcconfig"; path = "Target Support Files/Pods-ConnectionsTask/Pods-ConnectionsTask.release.xcconfig"; sourceTree = "<group>"; };
		B5FAAE685CA23287592E819A /* Pods-ConnectionsTaskTests.release.xcconfig */ = {isa = PBXFileReference; includeInIndex = 1; lastKnownFileType = text.xcconfig; name = "Pods-ConnectionsTaskTests.release.xcconfig"; path = "Target Support Files/Pods-ConnectionsTaskTests/Pods-ConnectionsTaskTests.release.xcconfig"; sourceTree = "<group>"; };
		B6FDD36F975A448AB2938B34 /* Pods-ConnectionsTask.debug.xcconfig */ = {isa = PBXFileReference; includeInIndex = 1; lastKnownFileType = text.xcconfig; name = "Pods-ConnectionsTask.debug.xcconfig"; path = "Target Support Files/Pods-ConnectionsTask/Pods-ConnectionsTask.debug.xcconfig"; sourceTree = "<group>"; };
		CBD2AD3625E0CA0200D81823 /* ConnectionsTask.app */ = {isa = PBXFileReference; explicitFileType = wrapper.application; includeInIndex = 0; path = ConnectionsTask.app; sourceTree = BUILT_PRODUCTS_DIR; };
		CBD2AD3925E0CA0200D81823 /* AppDelegate.swift */ = {isa = PBXFileReference; lastKnownFileType = sourcecode.swift; path = AppDelegate.swift; sourceTree = "<group>"; };
		CBD2AD3B25E0CA0200D81823 /* SceneDelegate.swift */ = {isa = PBXFileReference; lastKnownFileType = sourcecode.swift; path = SceneDelegate.swift; sourceTree = "<group>"; };
		CBD2AD3D25E0CA0200D81823 /* ViewController.swift */ = {isa = PBXFileReference; lastKnownFileType = sourcecode.swift; path = ViewController.swift; sourceTree = "<group>"; };
		CBD2AD4025E0CA0200D81823 /* Base */ = {isa = PBXFileReference; lastKnownFileType = file.storyboard; name = Base; path = Base.lproj/Main.storyboard; sourceTree = "<group>"; };
		CBD2AD4325E0CA0200D81823 /* ConnectionsTask.xcdatamodel */ = {isa = PBXFileReference; lastKnownFileType = wrapper.xcdatamodel; path = ConnectionsTask.xcdatamodel; sourceTree = "<group>"; };
		CBD2AD4525E0CA0400D81823 /* Assets.xcassets */ = {isa = PBXFileReference; lastKnownFileType = folder.assetcatalog; path = Assets.xcassets; sourceTree = "<group>"; };
		CBD2AD4825E0CA0400D81823 /* Base */ = {isa = PBXFileReference; lastKnownFileType = file.storyboard; name = Base; path = Base.lproj/LaunchScreen.storyboard; sourceTree = "<group>"; };
		CBD2AD4A25E0CA0400D81823 /* Info.plist */ = {isa = PBXFileReference; lastKnownFileType = text.plist.xml; path = Info.plist; sourceTree = "<group>"; };
		CBD2AD4F25E0CA0400D81823 /* ConnectionsTaskTests.xctest */ = {isa = PBXFileReference; explicitFileType = wrapper.cfbundle; includeInIndex = 0; path = ConnectionsTaskTests.xctest; sourceTree = BUILT_PRODUCTS_DIR; };
		CBD2AD5325E0CA0400D81823 /* ConnectionsTaskTests.swift */ = {isa = PBXFileReference; lastKnownFileType = sourcecode.swift; path = ConnectionsTaskTests.swift; sourceTree = "<group>"; };
		CBD2AD5525E0CA0400D81823 /* Info.plist */ = {isa = PBXFileReference; lastKnownFileType = text.plist.xml; path = Info.plist; sourceTree = "<group>"; };
		CBD2AD5E25E0E7C200D81823 /* NextViewController.swift */ = {isa = PBXFileReference; lastKnownFileType = sourcecode.swift; path = NextViewController.swift; sourceTree = "<group>"; };
		CBD2AD6025E10C6F00D81823 /* PostsViewController.swift */ = {isa = PBXFileReference; lastKnownFileType = sourcecode.swift; path = PostsViewController.swift; sourceTree = "<group>"; };
		CBD2AD6225E10C8B00D81823 /* FavoritesViewController.swift */ = {isa = PBXFileReference; lastKnownFileType = sourcecode.swift; path = FavoritesViewController.swift; sourceTree = "<group>"; };
		CBD2AD6425E10E1D00D81823 /* PostsModel.swift */ = {isa = PBXFileReference; fileEncoding = 4; lastKnownFileType = sourcecode.swift; path = PostsModel.swift; sourceTree = "<group>"; };
		CBD2AD6625E1140400D81823 /* CustomeTableViewCell.swift */ = {isa = PBXFileReference; fileEncoding = 4; lastKnownFileType = sourcecode.swift; path = CustomeTableViewCell.swift; sourceTree = "<group>"; };
		CBD2AD6825E23C2C00D81823 /* FavoriteTableViewCell.swift */ = {isa = PBXFileReference; lastKnownFileType = sourcecode.swift; path = FavoriteTableViewCell.swift; sourceTree = "<group>"; };
		F0AA97A7E61DB96F10856BF7 /* Pods-ConnectionsTaskTests.debug.xcconfig */ = {isa = PBXFileReference; includeInIndex = 1; lastKnownFileType = text.xcconfig; name = "Pods-ConnectionsTaskTests.debug.xcconfig"; path = "Target Support Files/Pods-ConnectionsTaskTests/Pods-ConnectionsTaskTests.debug.xcconfig"; sourceTree = "<group>"; };
/* End PBXFileReference section */

/* Begin PBXFrameworksBuildPhase section */
		CBD2AD3325E0CA0200D81823 /* Frameworks */ = {
			isa = PBXFrameworksBuildPhase;
			buildActionMask = 2147483647;
			files = (
				A8E40B85ACE87575BB4232A7 /* Pods_ConnectionsTask.framework in Frameworks */,
			);
			runOnlyForDeploymentPostprocessing = 0;
		};
		CBD2AD4C25E0CA0400D81823 /* Frameworks */ = {
			isa = PBXFrameworksBuildPhase;
			buildActionMask = 2147483647;
			files = (
				8160F3A96E6D6466A58A4559 /* Pods_ConnectionsTaskTests.framework in Frameworks */,
			);
			runOnlyForDeploymentPostprocessing = 0;
		};
/* End PBXFrameworksBuildPhase section */

/* Begin PBXGroup section */
		1F28D1352013FCFD243768E8 /* Pods */ = {
			isa = PBXGroup;
			children = (
				B6FDD36F975A448AB2938B34 /* Pods-ConnectionsTask.debug.xcconfig */,
				A64E085937C8F9AEB1A30D88 /* Pods-ConnectionsTask.release.xcconfig */,
				F0AA97A7E61DB96F10856BF7 /* Pods-ConnectionsTaskTests.debug.xcconfig */,
				B5FAAE685CA23287592E819A /* Pods-ConnectionsTaskTests.release.xcconfig */,
			);
			path = Pods;
			sourceTree = "<group>";
		};
		CBD2AD2D25E0CA0200D81823 = {
			isa = PBXGroup;
			children = (
				CBD2AD3825E0CA0200D81823 /* ConnectionsTask */,
				CBD2AD5225E0CA0400D81823 /* ConnectionsTaskTests */,
				CBD2AD3725E0CA0200D81823 /* Products */,
				1F28D1352013FCFD243768E8 /* Pods */,
				FCB6A1EBF78A32737B8301D6 /* Frameworks */,
			);
			sourceTree = "<group>";
		};
		CBD2AD3725E0CA0200D81823 /* Products */ = {
			isa = PBXGroup;
			children = (
				CBD2AD3625E0CA0200D81823 /* ConnectionsTask.app */,
				CBD2AD4F25E0CA0400D81823 /* ConnectionsTaskTests.xctest */,
			);
			name = Products;
			sourceTree = "<group>";
		};
		CBD2AD3825E0CA0200D81823 /* ConnectionsTask */ = {
			isa = PBXGroup;
			children = (
				CBD2AD3925E0CA0200D81823 /* AppDelegate.swift */,
				CBD2AD3B25E0CA0200D81823 /* SceneDelegate.swift */,
				CBD2AD6A25E2462000D81823 /* Model */,
				CBD2AD6C25E2465900D81823 /* View */,
				CBD2AD6B25E2463500D81823 /* ViewModel */,
				CBD2AD4525E0CA0400D81823 /* Assets.xcassets */,
				CBD2AD4725E0CA0400D81823 /* LaunchScreen.storyboard */,
				CBD2AD3F25E0CA0200D81823 /* Main.storyboard */,
				CBD2AD4A25E0CA0400D81823 /* Info.plist */,
			);
			path = ConnectionsTask;
			sourceTree = "<group>";
		};
		CBD2AD5225E0CA0400D81823 /* ConnectionsTaskTests */ = {
			isa = PBXGroup;
			children = (
				CBD2AD5325E0CA0400D81823 /* ConnectionsTaskTests.swift */,
				CBD2AD5525E0CA0400D81823 /* Info.plist */,
			);
			path = ConnectionsTaskTests;
			sourceTree = "<group>";
		};
		CBD2AD6A25E2462000D81823 /* Model */ = {
			isa = PBXGroup;
			children = (
				CBD2AD6425E10E1D00D81823 /* PostsModel.swift */,
			);
			path = Model;
			sourceTree = "<group>";
		};
		CBD2AD6B25E2463500D81823 /* ViewModel */ = {
			isa = PBXGroup;
			children = (
				CBD2AD4225E0CA0200D81823 /* ConnectionsTask.xcdatamodeld */,
			);
			path = ViewModel;
			sourceTree = "<group>";
		};
		CBD2AD6C25E2465900D81823 /* View */ = {
			isa = PBXGroup;
			children = (
				CBD2AD6D25E2473200D81823 /* TableViewCell */,
				CBD2AD3D25E0CA0200D81823 /* ViewController.swift */,
				CBD2AD5E25E0E7C200D81823 /* NextViewController.swift */,
				CBD2AD6025E10C6F00D81823 /* PostsViewController.swift */,
				CBD2AD6225E10C8B00D81823 /* FavoritesViewController.swift */,
			);
			path = View;
			sourceTree = "<group>";
		};
		CBD2AD6D25E2473200D81823 /* TableViewCell */ = {
			isa = PBXGroup;
			children = (
				CBD2AD6625E1140400D81823 /* CustomeTableViewCell.swift */,
				CBD2AD6825E23C2C00D81823 /* FavoriteTableViewCell.swift */,
			);
			path = TableViewCell;
			sourceTree = "<group>";
		};
		FCB6A1EBF78A32737B8301D6 /* Frameworks */ = {
			isa = PBXGroup;
			children = (
				899E40927EBBC15789BD2B75 /* Pods_ConnectionsTask.framework */,
				2FB775ECDFE7215890084D5A /* Pods_ConnectionsTaskTests.framework */,
			);
			name = Frameworks;
			sourceTree = "<group>";
		};
/* End PBXGroup section */

/* Begin PBXNativeTarget section */
		CBD2AD3525E0CA0200D81823 /* ConnectionsTask */ = {
			isa = PBXNativeTarget;
			buildConfigurationList = CBD2AD5825E0CA0400D81823 /* Build configuration list for PBXNativeTarget "ConnectionsTask" */;
			buildPhases = (
				D2DC6E6BE6F3FCCC9A0E3DD8 /* [CP] Check Pods Manifest.lock */,
				CBD2AD3225E0CA0200D81823 /* Sources */,
				CBD2AD3325E0CA0200D81823 /* Frameworks */,
				CBD2AD3425E0CA0200D81823 /* Resources */,
				11B03F5C85D611744488F18F /* [CP] Embed Pods Frameworks */,
			);
			buildRules = (
			);
			dependencies = (
			);
			name = ConnectionsTask;
			productName = ConnectionsTask;
			productReference = CBD2AD3625E0CA0200D81823 /* ConnectionsTask.app */;
			productType = "com.apple.product-type.application";
		};
		CBD2AD4E25E0CA0400D81823 /* ConnectionsTaskTests */ = {
			isa = PBXNativeTarget;
			buildConfigurationList = CBD2AD5B25E0CA0400D81823 /* Build configuration list for PBXNativeTarget "ConnectionsTaskTests" */;
			buildPhases = (
				604FC6755630133E39D3780C /* [CP] Check Pods Manifest.lock */,
				CBD2AD4B25E0CA0400D81823 /* Sources */,
				CBD2AD4C25E0CA0400D81823 /* Frameworks */,
				CBD2AD4D25E0CA0400D81823 /* Resources */,
			);
			buildRules = (
			);
			dependencies = (
				CBD2AD5125E0CA0400D81823 /* PBXTargetDependency */,
			);
			name = ConnectionsTaskTests;
			productName = ConnectionsTaskTests;
			productReference = CBD2AD4F25E0CA0400D81823 /* ConnectionsTaskTests.xctest */;
			productType = "com.apple.product-type.bundle.unit-test";
		};
/* End PBXNativeTarget section */

/* Begin PBXProject section */
		CBD2AD2E25E0CA0200D81823 /* Project object */ = {
			isa = PBXProject;
			attributes = {
				LastSwiftUpdateCheck = 1170;
				LastUpgradeCheck = 1170;
				ORGANIZATIONNAME = "Venkatarao Ponnapalli ";
				TargetAttributes = {
					CBD2AD3525E0CA0200D81823 = {
						CreatedOnToolsVersion = 11.7;
					};
					CBD2AD4E25E0CA0400D81823 = {
						CreatedOnToolsVersion = 11.7;
						TestTargetID = CBD2AD3525E0CA0200D81823;
					};
				};
			};
			buildConfigurationList = CBD2AD3125E0CA0200D81823 /* Build configuration list for PBXProject "ConnectionsTask" */;
			compatibilityVersion = "Xcode 9.3";
			developmentRegion = en;
			hasScannedForEncodings = 0;
			knownRegions = (
				en,
				Base,
			);
			mainGroup = CBD2AD2D25E0CA0200D81823;
			productRefGroup = CBD2AD3725E0CA0200D81823 /* Products */;
			projectDirPath = "";
			projectRoot = "";
			targets = (
				CBD2AD3525E0CA0200D81823 /* ConnectionsTask */,
				CBD2AD4E25E0CA0400D81823 /* ConnectionsTaskTests */,
			);
		};
/* End PBXProject section */

/* Begin PBXResourcesBuildPhase section */
		CBD2AD3425E0CA0200D81823 /* Resources */ = {
			isa = PBXResourcesBuildPhase;
			buildActionMask = 2147483647;
			files = (
				CBD2AD4925E0CA0400D81823 /* LaunchScreen.storyboard in Resources */,
				CBD2AD4625E0CA0400D81823 /* Assets.xcassets in Resources */,
				CBD2AD4125E0CA0200D81823 /* Main.storyboard in Resources */,
			);
			runOnlyForDeploymentPostprocessing = 0;
		};
		CBD2AD4D25E0CA0400D81823 /* Resources */ = {
			isa = PBXResourcesBuildPhase;
			buildActionMask = 2147483647;
			files = (
			);
			runOnlyForDeploymentPostprocessing = 0;
		};
/* End PBXResourcesBuildPhase section */

/* Begin PBXShellScriptBuildPhase section */
		11B03F5C85D611744488F18F /* [CP] Embed Pods Frameworks */ = {
			isa = PBXShellScriptBuildPhase;
			buildActionMask = 2147483647;
			files = (
			);
			inputFileListPaths = (
				"${PODS_ROOT}/Target Support Files/Pods-ConnectionsTask/Pods-ConnectionsTask-frameworks-${CONFIGURATION}-input-files.xcfilelist",
			);
			name = "[CP] Embed Pods Frameworks";
			outputFileListPaths = (
				"${PODS_ROOT}/Target Support Files/Pods-ConnectionsTask/Pods-ConnectionsTask-frameworks-${CONFIGURATION}-output-files.xcfilelist",
			);
			runOnlyForDeploymentPostprocessing = 0;
			shellPath = /bin/sh;
			shellScript = "\"${PODS_ROOT}/Target Support Files/Pods-ConnectionsTask/Pods-ConnectionsTask-frameworks.sh\"\n";
			showEnvVarsInLog = 0;
		};
		604FC6755630133E39D3780C /* [CP] Check Pods Manifest.lock */ = {
			isa = PBXShellScriptBuildPhase;
			buildActionMask = 2147483647;
			files = (
			);
			inputFileListPaths = (
			);
			inputPaths = (
				"${PODS_PODFILE_DIR_PATH}/Podfile.lock",
				"${PODS_ROOT}/Manifest.lock",
			);
			name = "[CP] Check Pods Manifest.lock";
			outputFileListPaths = (
			);
			outputPaths = (
				"$(DERIVED_FILE_DIR)/Pods-ConnectionsTaskTests-checkManifestLockResult.txt",
			);
			runOnlyForDeploymentPostprocessing = 0;
			shellPath = /bin/sh;
			shellScript = "diff \"${PODS_PODFILE_DIR_PATH}/Podfile.lock\" \"${PODS_ROOT}/Manifest.lock\" > /dev/null\nif [ $? != 0 ] ; then\n    # print error to STDERR\n    echo \"error: The sandbox is not in sync with the Podfile.lock. Run 'pod install' or update your CocoaPods installation.\" >&2\n    exit 1\nfi\n# This output is used by Xcode 'outputs' to avoid re-running this script phase.\necho \"SUCCESS\" > \"${SCRIPT_OUTPUT_FILE_0}\"\n";
			showEnvVarsInLog = 0;
		};
		D2DC6E6BE6F3FCCC9A0E3DD8 /* [CP] Check Pods Manifest.lock */ = {
			isa = PBXShellScriptBuildPhase;
			buildActionMask = 2147483647;
			files = (
			);
			inputFileListPaths = (
			);
			inputPaths = (
				"${PODS_PODFILE_DIR_PATH}/Podfile.lock",
				"${PODS_ROOT}/Manifest.lock",
			);
			name = "[CP] Check Pods Manifest.lock";
			outputFileListPaths = (
			);
			outputPaths = (
				"$(DERIVED_FILE_DIR)/Pods-ConnectionsTask-checkManifestLockResult.txt",
			);
			runOnlyForDeploymentPostprocessing = 0;
			shellPath = /bin/sh;
			shellScript = "diff \"${PODS_PODFILE_DIR_PATH}/Podfile.lock\" \"${PODS_ROOT}/Manifest.lock\" > /dev/null\nif [ $? != 0 ] ; then\n    # print error to STDERR\n    echo \"error: The sandbox is not in sync with the Podfile.lock. Run 'pod install' or update your CocoaPods installation.\" >&2\n    exit 1\nfi\n# This output is used by Xcode 'outputs' to avoid re-running this script phase.\necho \"SUCCESS\" > \"${SCRIPT_OUTPUT_FILE_0}\"\n";
			showEnvVarsInLog = 0;
		};
/* End PBXShellScriptBuildPhase section */

/* Begin PBXSourcesBuildPhase section */
		CBD2AD3225E0CA0200D81823 /* Sources */ = {
			isa = PBXSourcesBuildPhase;
			buildActionMask = 2147483647;
			files = (
				CBD2AD6725E1140400D81823 /* CustomeTableViewCell.swift in Sources */,
				CBD2AD6125E10C6F00D81823 /* PostsViewController.swift in Sources */,
				CBD2AD5F25E0E7C200D81823 /* NextViewController.swift in Sources */,
				CBD2AD6325E10C8B00D81823 /* FavoritesViewController.swift in Sources */,
				CBD2AD3E25E0CA0200D81823 /* ViewController.swift in Sources */,
				CBD2AD3A25E0CA0200D81823 /* AppDelegate.swift in Sources */,
				CBD2AD6525E10E1D00D81823 /* PostsModel.swift in Sources */,
				CBD2AD4425E0CA0200D81823 /* ConnectionsTask.xcdatamodeld in Sources */,
				CBD2AD3C25E0CA0200D81823 /* SceneDelegate.swift in Sources */,
				CBD2AD6925E23C2C00D81823 /* FavoriteTableViewCell.swift in Sources */,
			);
			runOnlyForDeploymentPostprocessing = 0;
		};
		CBD2AD4B25E0CA0400D81823 /* Sources */ = {
			isa = PBXSourcesBuildPhase;
			buildActionMask = 2147483647;
			files = (
				CBD2AD5425E0CA0400D81823 /* ConnectionsTaskTests.swift in Sources */,
			);
			runOnlyForDeploymentPostprocessing = 0;
		};
/* End PBXSourcesBuildPhase section */

/* Begin PBXTargetDependency section */
		CBD2AD5125E0CA0400D81823 /* PBXTargetDependency */ = {
			isa = PBXTargetDependency;
			target = CBD2AD3525E0CA0200D81823 /* ConnectionsTask */;
			targetProxy = CBD2AD5025E0CA0400D81823 /* PBXContainerItemProxy */;
		};
/* End PBXTargetDependency section */

/* Begin PBXVariantGroup section */
		CBD2AD3F25E0CA0200D81823 /* Main.storyboard */ = {
			isa = PBXVariantGroup;
			children = (
				CBD2AD4025E0CA0200D81823 /* Base */,
			);
			name = Main.storyboard;
			sourceTree = "<group>";
		};
		CBD2AD4725E0CA0400D81823 /* LaunchScreen.storyboard */ = {
			isa = PBXVariantGroup;
			children = (
				CBD2AD4825E0CA0400D81823 /* Base */,
			);
			name = LaunchScreen.storyboard;
			sourceTree = "<group>";
		};
/* End PBXVariantGroup section */

/* Begin XCBuildConfiguration section */
		CBD2AD5625E0CA0400D81823 /* Debug */ = {
			isa = XCBuildConfiguration;
			buildSettings = {
				ALWAYS_SEARCH_USER_PATHS = NO;
				CLANG_ANALYZER_NONNULL = YES;
				CLANG_ANALYZER_NUMBER_OBJECT_CONVERSION = YES_AGGRESSIVE;
				CLANG_CXX_LANGUAGE_STANDARD = "gnu++14";
				CLANG_CXX_LIBRARY = "libc++";
				CLANG_ENABLE_MODULES = YES;
				CLANG_ENABLE_OBJC_ARC = YES;
				CLANG_ENABLE_OBJC_WEAK = YES;
				CLANG_WARN_BLOCK_CAPTURE_AUTORELEASING = YES;
				CLANG_WARN_BOOL_CONVERSION = YES;
				CLANG_WARN_COMMA = YES;
				CLANG_WARN_CONSTANT_CONVERSION = YES;
				CLANG_WARN_DEPRECATED_OBJC_IMPLEMENTATIONS = YES;
				CLANG_WARN_DIRECT_OBJC_ISA_USAGE = YES_ERROR;
				CLANG_WARN_DOCUMENTATION_COMMENTS = YES;
				CLANG_WARN_EMPTY_BODY = YES;
				CLANG_WARN_ENUM_CONVERSION = YES;
				CLANG_WARN_INFINITE_RECURSION = YES;
				CLANG_WARN_INT_CONVERSION = YES;
				CLANG_WARN_NON_LITERAL_NULL_CONVERSION = YES;
				CLANG_WARN_OBJC_IMPLICIT_RETAIN_SELF = YES;
				CLANG_WARN_OBJC_LITERAL_CONVERSION = YES;
				CLANG_WARN_OBJC_ROOT_CLASS = YES_ERROR;
				CLANG_WARN_RANGE_LOOP_ANALYSIS = YES;
				CLANG_WARN_STRICT_PROTOTYPES = YES;
				CLANG_WARN_SUSPICIOUS_MOVE = YES;
				CLANG_WARN_UNGUARDED_AVAILABILITY = YES_AGGRESSIVE;
				CLANG_WARN_UNREACHABLE_CODE = YES;
				CLANG_WARN__DUPLICATE_METHOD_MATCH = YES;
				COPY_PHASE_STRIP = NO;
				DEBUG_INFORMATION_FORMAT = dwarf;
				ENABLE_STRICT_OBJC_MSGSEND = YES;
				ENABLE_TESTABILITY = YES;
				GCC_C_LANGUAGE_STANDARD = gnu11;
				GCC_DYNAMIC_NO_PIC = NO;
				GCC_NO_COMMON_BLOCKS = YES;
				GCC_OPTIMIZATION_LEVEL = 0;
				GCC_PREPROCESSOR_DEFINITIONS = (
					"DEBUG=1",
					"$(inherited)",
				);
				GCC_WARN_64_TO_32_BIT_CONVERSION = YES;
				GCC_WARN_ABOUT_RETURN_TYPE = YES_ERROR;
				GCC_WARN_UNDECLARED_SELECTOR = YES;
				GCC_WARN_UNINITIALIZED_AUTOS = YES_AGGRESSIVE;
				GCC_WARN_UNUSED_FUNCTION = YES;
				GCC_WARN_UNUSED_VARIABLE = YES;
				IPHONEOS_DEPLOYMENT_TARGET = 13.7;
				MTL_ENABLE_DEBUG_INFO = INCLUDE_SOURCE;
				MTL_FAST_MATH = YES;
				ONLY_ACTIVE_ARCH = YES;
				SDKROOT = iphoneos;
				SWIFT_ACTIVE_COMPILATION_CONDITIONS = DEBUG;
				SWIFT_OPTIMIZATION_LEVEL = "-Onone";
			};
			name = Debug;
		};
		CBD2AD5725E0CA0400D81823 /* Release */ = {
			isa = XCBuildConfiguration;
			buildSettings = {
				ALWAYS_SEARCH_USER_PATHS = NO;
				CLANG_ANALYZER_NONNULL = YES;
				CLANG_ANALYZER_NUMBER_OBJECT_CONVERSION = YES_AGGRESSIVE;
				CLANG_CXX_LANGUAGE_STANDARD = "gnu++14";
				CLANG_CXX_LIBRARY = "libc++";
				CLANG_ENABLE_MODULES = YES;
				CLANG_ENABLE_OBJC_ARC = YES;
				CLANG_ENABLE_OBJC_WEAK = YES;
				CLANG_WARN_BLOCK_CAPTURE_AUTORELEASING = YES;
				CLANG_WARN_BOOL_CONVERSION = YES;
				CLANG_WARN_COMMA = YES;
				CLANG_WARN_CONSTANT_CONVERSION = YES;
				CLANG_WARN_DEPRECATED_OBJC_IMPLEMENTATIONS = YES;
				CLANG_WARN_DIRECT_OBJC_ISA_USAGE = YES_ERROR;
				CLANG_WARN_DOCUMENTATION_COMMENTS = YES;
				CLANG_WARN_EMPTY_BODY = YES;
				CLANG_WARN_ENUM_CONVERSION = YES;
				CLANG_WARN_INFINITE_RECURSION = YES;
				CLANG_WARN_INT_CONVERSION = YES;
				CLANG_WARN_NON_LITERAL_NULL_CONVERSION = YES;
				CLANG_WARN_OBJC_IMPLICIT_RETAIN_SELF = YES;
				CLANG_WARN_OBJC_LITERAL_CONVERSION = YES;
				CLANG_WARN_OBJC_ROOT_CLASS = YES_ERROR;
				CLANG_WARN_RANGE_LOOP_ANALYSIS = YES;
				CLANG_WARN_STRICT_PROTOTYPES = YES;
				CLANG_WARN_SUSPICIOUS_MOVE = YES;
				CLANG_WARN_UNGUARDED_AVAILABILITY = YES_AGGRESSIVE;
				CLANG_WARN_UNREACHABLE_CODE = YES;
				CLANG_WARN__DUPLICATE_METHOD_MATCH = YES;
				COPY_PHASE_STRIP = NO;
				DEBUG_INFORMATION_FORMAT = "dwarf-with-dsym";
				ENABLE_NS_ASSERTIONS = NO;
				ENABLE_STRICT_OBJC_MSGSEND = YES;
				GCC_C_LANGUAGE_STANDARD = gnu11;
				GCC_NO_COMMON_BLOCKS = YES;
				GCC_WARN_64_TO_32_BIT_CONVERSION = YES;
				GCC_WARN_ABOUT_RETURN_TYPE = YES_ERROR;
				GCC_WARN_UNDECLARED_SELECTOR = YES;
				GCC_WARN_UNINITIALIZED_AUTOS = YES_AGGRESSIVE;
				GCC_WARN_UNUSED_FUNCTION = YES;
				GCC_WARN_UNUSED_VARIABLE = YES;
				IPHONEOS_DEPLOYMENT_TARGET = 13.7;
				MTL_ENABLE_DEBUG_INFO = NO;
				MTL_FAST_MATH = YES;
				SDKROOT = iphoneos;
				SWIFT_COMPILATION_MODE = wholemodule;
				SWIFT_OPTIMIZATION_LEVEL = "-O";
				VALIDATE_PRODUCT = YES;
			};
			name = Release;
		};
		CBD2AD5925E0CA0400D81823 /* Debug */ = {
			isa = XCBuildConfiguration;
			baseConfigurationReference = B6FDD36F975A448AB2938B34 /* Pods-ConnectionsTask.debug.xcconfig */;
			buildSettings = {
				ASSETCATALOG_COMPILER_APPICON_NAME = AppIcon;
				CODE_SIGN_STYLE = Automatic;
				INFOPLIST_FILE = ConnectionsTask/Info.plist;
				LD_RUNPATH_SEARCH_PATHS = (
					"$(inherited)",
					"@executable_path/Frameworks",
				);
				PRODUCT_BUNDLE_IDENTIFIER = com.sample.ConnectionsTask;
				PRODUCT_NAME = "$(TARGET_NAME)";
				SWIFT_VERSION = 5.0;
				TARGETED_DEVICE_FAMILY = "1,2";
			};
			name = Debug;
		};
		CBD2AD5A25E0CA0400D81823 /* Release */ = {
			isa = XCBuildConfiguration;
			baseConfigurationReference = A64E085937C8F9AEB1A30D88 /* Pods-ConnectionsTask.release.xcconfig */;
			buildSettings = {
				ASSETCATALOG_COMPILER_APPICON_NAME = AppIcon;
				CODE_SIGN_STYLE = Automatic;
				INFOPLIST_FILE = ConnectionsTask/Info.plist;
				LD_RUNPATH_SEARCH_PATHS = (
					"$(inherited)",
					"@executable_path/Frameworks",
				);
				PRODUCT_BUNDLE_IDENTIFIER = com.sample.ConnectionsTask;
				PRODUCT_NAME = "$(TARGET_NAME)";
				SWIFT_VERSION = 5.0;
				TARGETED_DEVICE_FAMILY = "1,2";
			};
			name = Release;
		};
		CBD2AD5C25E0CA0400D81823 /* Debug */ = {
			isa = XCBuildConfiguration;
			baseConfigurationReference = F0AA97A7E61DB96F10856BF7 /* Pods-ConnectionsTaskTests.debug.xcconfig */;
			buildSettings = {
				ALWAYS_EMBED_SWIFT_STANDARD_LIBRARIES = YES;
				BUNDLE_LOADER = "$(TEST_HOST)";
				CODE_SIGN_STYLE = Automatic;
				INFOPLIST_FILE = ConnectionsTaskTests/Info.plist;
				IPHONEOS_DEPLOYMENT_TARGET = 13.7;
				LD_RUNPATH_SEARCH_PATHS = (
					"$(inherited)",
					"@executable_path/Frameworks",
					"@loader_path/Frameworks",
				);
				PRODUCT_BUNDLE_IDENTIFIER = com.sample.ConnectionsTaskTests;
				PRODUCT_NAME = "$(TARGET_NAME)";
				SWIFT_VERSION = 5.0;
				TARGETED_DEVICE_FAMILY = "1,2";
				TEST_HOST = "$(BUILT_PRODUCTS_DIR)/ConnectionsTask.app/ConnectionsTask";
			};
			name = Debug;
		};
		CBD2AD5D25E0CA0400D81823 /* Release */ = {
			isa = XCBuildConfiguration;
			baseConfigurationReference = B5FAAE685CA23287592E819A /* Pods-ConnectionsTaskTests.release.xcconfig */;
			buildSettings = {
				ALWAYS_EMBED_SWIFT_STANDARD_LIBRARIES = YES;
				BUNDLE_LOADER = "$(TEST_HOST)";
				CODE_SIGN_STYLE = Automatic;
				INFOPLIST_FILE = ConnectionsTaskTests/Info.plist;
				IPHONEOS_DEPLOYMENT_TARGET = 13.7;
				LD_RUNPATH_SEARCH_PATHS = (
					"$(inherited)",
					"@executable_path/Frameworks",
					"@loader_path/Frameworks",
				);
				PRODUCT_BUNDLE_IDENTIFIER = com.sample.ConnectionsTaskTests;
				PRODUCT_NAME = "$(TARGET_NAME)";
				SWIFT_VERSION = 5.0;
				TARGETED_DEVICE_FAMILY = "1,2";
				TEST_HOST = "$(BUILT_PRODUCTS_DIR)/ConnectionsTask.app/ConnectionsTask";
			};
			name = Release;
		};
/* End XCBuildConfiguration section */

/* Begin XCConfigurationList section */
		CBD2AD3125E0CA0200D81823 /* Build configuration list for PBXProject "ConnectionsTask" */ = {
			isa = XCConfigurationList;
			buildConfigurations = (
				CBD2AD5625E0CA0400D81823 /* Debug */,
				CBD2AD5725E0CA0400D81823 /* Release */,
			);
			defaultConfigurationIsVisible = 0;
			defaultConfigurationName = Release;
		};
		CBD2AD5825E0CA0400D81823 /* Build configuration list for PBXNativeTarget "ConnectionsTask" */ = {
			isa = XCConfigurationList;
			buildConfigurations = (
				CBD2AD5925E0CA0400D81823 /* Debug */,
				CBD2AD5A25E0CA0400D81823 /* Release */,
			);
			defaultConfigurationIsVisible = 0;
			defaultConfigurationName = Release;
		};
		CBD2AD5B25E0CA0400D81823 /* Build configuration list for PBXNativeTarget "ConnectionsTaskTests" */ = {
			isa = XCConfigurationList;
			buildConfigurations = (
				CBD2AD5C25E0CA0400D81823 /* Debug */,
				CBD2AD5D25E0CA0400D81823 /* Release */,
			);
			defaultConfigurationIsVisible = 0;
			defaultConfigurationName = Release;
		};
/* End XCConfigurationList section */

/* Begin XCVersionGroup section */
		CBD2AD4225E0CA0200D81823 /* ConnectionsTask.xcdatamodeld */ = {
			isa = XCVersionGroup;
			children = (
				CBD2AD4325E0CA0200D81823 /* ConnectionsTask.xcdatamodel */,
			);
			currentVersion = CBD2AD4325E0CA0200D81823 /* ConnectionsTask.xcdatamodel */;
			path = ConnectionsTask.xcdatamodeld;
			sourceTree = "<group>";
			versionGroupType = wrapper.xcdatamodel;
		};
/* End XCVersionGroup section */
	};
	rootObject = CBD2AD2E25E0CA0200D81823 /* Project object */;
}
